
Microsoft Visual Studio Solution File, Format Version 12.00
# Visual Studio 15
VisualStudioVersion = 15.0.27004.2009
MinimumVisualStudioVersion = 10.0.40219.1
Project("{FAE04EC0-301F-11D3-BF4B-00C04F79EFBC}") = "Paint", "Paint\Paint.csproj", "{BBA5D9D7-5C60-4909-9C37-2CCC5A226D61}"
EndProject
Project("{FAE04EC0-301F-11D3-BF4B-00C04F79EFBC}") = "Models", "Models\Models.csproj", "{C69C2BE2-85F4-4A88-90FD-5FE32A9D475F}"
EndProject
Project("{FAE04EC0-301F-11D3-BF4B-00C04F79EFBC}") = "BUS", "BUS\BUS.csproj", "{169D2FBD-FCC1-4FF3-82B7-A7309049FEF8}"
EndProject
Project("{FAE04EC0-301F-11D3-BF4B-00C04F79EFBC}") = "DAO", "DAO\DAO.csproj", "{10D69415-C835-44C1-A396-7D95CEDAD953}"
EndProject
Project("{FAE04EC0-301F-11D3-BF4B-00C04F79EFBC}") = "UnitTestProject", "UnitTestProject\UnitTestProject.csproj", "{60BB7563-55B4-41E9-B3E2-973CE5015D13}"
EndProject
Global
	GlobalSection(SolutionConfigurationPlatforms) = preSolution
		Debug|Any CPU = Debug|Any CPU
		Debug|x64 = Debug|x64
		Debug|x86 = Debug|x86
		Release|Any CPU = Release|Any CPU
		Release|x64 = Release|x64
		Release|x86 = Release|x86
	EndGlobalSection
	GlobalSection(ProjectConfigurationPlatforms) = postSolution
		{BBA5D9D7-5C60-4909-9C37-2CCC5A226D61}.Debug|Any CPU.ActiveCfg = Debug|Any CPU
		{BBA5D9D7-5C60-4909-9C37-2CCC5A226D61}.Debug|Any CPU.Build.0 = Debug|Any CPU
		{BBA5D9D7-5C60-4909-9C37-2CCC5A226D61}.Debug|x64.ActiveCfg = Debug|Any CPU
		{BBA5D9D7-5C60-4909-9C37-2CCC5A226D61}.Debug|x64.Build.0 = Debug|Any CPU
		{BBA5D9D7-5C60-4909-9C37-2CCC5A226D61}.Debug|x86.ActiveCfg = Debug|Any CPU
		{BBA5D9D7-5C60-4909-9C37-2CCC5A226D61}.Debug|x86.Build.0 = Debug|Any CPU
		{BBA5D9D7-5C60-4909-9C37-2CCC5A226D61}.Release|Any CPU.ActiveCfg = Release|Any CPU
		{BBA5D9D7-5C60-4909-9C37-2CCC5A226D61}.Release|Any CPU.Build.0 = Release|Any CPU
		{BBA5D9D7-5C60-4909-9C37-2CCC5A226D61}.Release|x64.ActiveCfg = Release|Any CPU
		{BBA5D9D7-5C60-4909-9C37-2CCC5A226D61}.Release|x64.Build.0 = Release|Any CPU
		{BBA5D9D7-5C60-4909-9C37-2CCC5A226D61}.Release|x86.ActiveCfg = Release|Any CPU
		{BBA5D9D7-5C60-4909-9C37-2CCC5A226D61}.Release|x86.Build.0 = Release|Any CPU
		{C69C2BE2-85F4-4A88-90FD-5FE32A9D475F}.Debug|Any CPU.ActiveCfg = Debug|Any CPU
		{C69C2BE2-85F4-4A88-90FD-5FE32A9D475F}.Debug|Any CPU.Build.0 = Debug|Any CPU
		{C69C2BE2-85F4-4A88-90FD-5FE32A9D475F}.Debug|x64.ActiveCfg = Debug|Any CPU
		{C69C2BE2-85F4-4A88-90FD-5FE32A9D475F}.Debug|x64.Build.0 = Debug|Any CPU
		{C69C2BE2-85F4-4A88-90FD-5FE32A9D475F}.Debug|x86.ActiveCfg = Debug|Any CPU
		{C69C2BE2-85F4-4A88-90FD-5FE32A9D475F}.Debug|x86.Build.0 = Debug|Any CPU
		{C69C2BE2-85F4-4A88-90FD-5FE32A9D475F}.Release|Any CPU.ActiveCfg = Release|Any CPU
		{C69C2BE2-85F4-4A88-90FD-5FE32A9D475F}.Release|Any CPU.Build.0 = Release|Any CPU
		{C69C2BE2-85F4-4A88-90FD-5FE32A9D475F}.Release|x64.ActiveCfg = Release|Any CPU
		{C69C2BE2-85F4-4A88-90FD-5FE32A9D475F}.Release|x64.Build.0 = Release|Any CPU
		{C69C2BE2-85F4-4A88-90FD-5FE32A9D475F}.Release|x86.ActiveCfg = Release|Any CPU
		{C69C2BE2-85F4-4A88-90FD-5FE32A9D475F}.Release|x86.Build.0 = Release|Any CPU
		{169D2FBD-FCC1-4FF3-82B7-A7309049FEF8}.Debug|Any CPU.ActiveCfg = Debug|Any CPU
		{169D2FBD-FCC1-4FF3-82B7-A7309049FEF8}.Debug|Any CPU.Build.0 = Debug|Any CPU
		{169D2FBD-FCC1-4FF3-82B7-A7309049FEF8}.Debug|x64.ActiveCfg = Debug|Any CPU
		{169D2FBD-FCC1-4FF3-82B7-A7309049FEF8}.Debug|x64.Build.0 = Debug|Any CPU
		{169D2FBD-FCC1-4FF3-82B7-A7309049FEF8}.Debug|x86.ActiveCfg = Debug|Any CPU
		{169D2FBD-FCC1-4FF3-82B7-A7309049FEF8}.Debug|x86.Build.0 = Debug|Any CPU
		{169D2FBD-FCC1-4FF3-82B7-A7309049FEF8}.Release|Any CPU.ActiveCfg = Release|Any CPU
		{169D2FBD-FCC1-4FF3-82B7-A7309049FEF8}.Release|Any CPU.Build.0 = Release|Any CPU
		{169D2FBD-FCC1-4FF3-82B7-A7309049FEF8}.Release|x64.ActiveCfg = Release|Any CPU
		{169D2FBD-FCC1-4FF3-82B7-A7309049FEF8}.Release|x64.Build.0 = Release|Any CPU
		{169D2FBD-FCC1-4FF3-82B7-A7309049FEF8}.Release|x86.ActiveCfg = Release|Any CPU
		{169D2FBD-FCC1-4FF3-82B7-A7309049FEF8}.Release|x86.Build.0 = Release|Any CPU
		{10D69415-C835-44C1-A396-7D95CEDAD953}.Debug|Any CPU.ActiveCfg = Debug|Any CPU
		{10D69415-C835-44C1-A396-7D95CEDAD953}.Debug|Any CPU.Build.0 = Debug|Any CPU
		{10D69415-C835-44C1-A396-7D95CEDAD953}.Debug|x64.ActiveCfg = Debug|Any CPU
		{10D69415-C835-44C1-A396-7D95CEDAD953}.Debug|x64.Build.0 = Debug|Any CPU
		{10D69415-C835-44C1-A396-7D95CEDAD953}.Debug|x86.ActiveCfg = Debug|Any CPU
		{10D69415-C835-44C1-A396-7D95CEDAD953}.Debug|x86.Build.0 = Debug|Any CPU
		{10D69415-C835-44C1-A396-7D95CEDAD953}.Release|Any CPU.ActiveCfg = Release|Any CPU
		{10D69415-C835-44C1-A396-7D95CEDAD953}.Release|Any CPU.Build.0 = Release|Any CPU
		{10D69415-C835-44C1-A396-7D95CEDAD953}.Release|x64.ActiveCfg = Release|Any CPU
		{10D69415-C835-44C1-A396-7D95CEDAD953}.Release|x64.Build.0 = Release|Any CPU
		{10D69415-C835-44C1-A396-7D95CEDAD953}.Release|x86.ActiveCfg = Release|Any CPU
		{10D69415-C835-44C1-A396-7D95CEDAD953}.Release|x86.Build.0 = Release|Any CPU
		{60BB7563-55B4-41E9-B3E2-973CE5015D13}.Debug|Any CPU.ActiveCfg = Debug|Any CPU
		{60BB7563-55B4-41E9-B3E2-973CE5015D13}.Debug|Any CPU.Build.0 = Debug|Any CPU
		{60BB7563-55B4-41E9-B3E2-973CE5015D13}.Debug|x64.ActiveCfg = Debug|Any CPU
		{60BB7563-55B4-41E9-B3E2-973CE5015D13}.Debug|x64.Build.0 = Debug|Any CPU
		{60BB7563-55B4-41E9-B3E2-973CE5015D13}.Debug|x86.ActiveCfg = Debug|Any CPU
		{60BB7563-55B4-41E9-B3E2-973CE5015D13}.Debug|x86.Build.0 = Debug|Any CPU
		{60BB7563-55B4-41E9-B3E2-973CE5015D13}.Release|Any CPU.ActiveCfg = Release|Any CPU
		{60BB7563-55B4-41E9-B3E2-973CE5015D13}.Release|Any CPU.Build.0 = Release|Any CPU
		{60BB7563-55B4-41E9-B3E2-973CE5015D13}.Release|x64.ActiveCfg = Release|Any CPU
		{60BB7563-55B4-41E9-B3E2-973CE5015D13}.Release|x64.Build.0 = Release|Any CPU
		{60BB7563-55B4-41E9-B3E2-973CE5015D13}.Release|x86.ActiveCfg = Release|Any CPU
		{60BB7563-55B4-41E9-B3E2-973CE5015D13}.Release|x86.Build.0 = Release|Any CPU
	EndGlobalSection
	GlobalSection(SolutionProperties) = preSolution
		HideSolutionNode = FALSE
	EndGlobalSection
	GlobalSection(ExtensibilityGlobals) = postSolution
		SolutionGuid = {EE328A5F-6732-4061-B9D4-5FB9CA4398DC}
	EndGlobalSection
EndGlobal
